// !$*UTF8*$!
{
	archiveVersion = 1;
	classes = {
	};
	objectVersion = 46;
	objects = {

/* Begin PBXBuildFile section */
		CFB024321D587754005AC143 /* AppDelegate.swift in Sources */ = {isa = PBXBuildFile; fileRef = CFB024311D587754005AC143 /* AppDelegate.swift */; };
		CFB024341D587754005AC143 /* ViewController.swift in Sources */ = {isa = PBXBuildFile; fileRef = CFB024331D587754005AC143 /* ViewController.swift */; };
		CFB024371D587754005AC143 /* Main.storyboard in Resources */ = {isa = PBXBuildFile; fileRef = CFB024351D587754005AC143 /* Main.storyboard */; };
		CFB024391D587754005AC143 /* Assets.xcassets in Resources */ = {isa = PBXBuildFile; fileRef = CFB024381D587754005AC143 /* Assets.xcassets */; };
		CFB0243C1D587754005AC143 /* LaunchScreen.storyboard in Resources */ = {isa = PBXBuildFile; fileRef = CFB0243A1D587754005AC143 /* LaunchScreen.storyboard */; };
		CFB024471D587754005AC143 /* FlappyBirdTests.swift in Sources */ = {isa = PBXBuildFile; fileRef = CFB024461D587754005AC143 /* FlappyBirdTests.swift */; };
		CFB024521D587754005AC143 /* FlappyBirdUITests.swift in Sources */ = {isa = PBXBuildFile; fileRef = CFB024511D587754005AC143 /* FlappyBirdUITests.swift */; };
		CFB024601D5877A5005AC143 /* SpriteKit.framework in Frameworks */ = {isa = PBXBuildFile; fileRef = CFB0245F1D5877A5005AC143 /* SpriteKit.framework */; };
		CFB024621D58BE27005AC143 /* GameScene.swift in Sources */ = {isa = PBXBuildFile; fileRef = CFB024611D58BE27005AC143 /* GameScene.swift */; };
		CFD95E2C1D76A41400BB8D06 /* coin01.mp3 in Resources */ = {isa = PBXBuildFile; fileRef = CFD95E2B1D76A41400BB8D06 /* coin01.mp3 */; };
		CFD95E2E1D76A45E00BB8D06 /* AVFoundation.framework in Frameworks */ = {isa = PBXBuildFile; fileRef = CFD95E2D1D76A45E00BB8D06 /* AVFoundation.framework */; };
/* End PBXBuildFile section */

/* Begin PBXContainerItemProxy section */
		CFB024431D587754005AC143 /* PBXContainerItemProxy */ = {
			isa = PBXContainerItemProxy;
			containerPortal = CFB024261D587754005AC143 /* Project object */;
			proxyType = 1;
			remoteGlobalIDString = CFB0242D1D587754005AC143;
			remoteInfo = FlappyBird;
		};
		CFB0244E1D587754005AC143 /* PBXContainerItemProxy */ = {
			isa = PBXContainerItemProxy;
			containerPortal = CFB024261D587754005AC143 /* Project object */;
			proxyType = 1;
			remoteGlobalIDString = CFB0242D1D587754005AC143;
			remoteInfo = FlappyBird;
		};
/* End PBXContainerItemProxy section */

/* Begin PBXFileReference section */
		CFB0242E1D587754005AC143 /* FlappyBird.app */ = {isa = PBXFileReference; explicitFileType = wrapper.application; includeInIndex = 0; path = FlappyBird.app; sourceTree = BUILT_PRODUCTS_DIR; };
		CFB024311D587754005AC143 /* AppDelegate.swift */ = {isa = PBXFileReference; lastKnownFileType = sourcecode.swift; path = AppDelegate.swift; sourceTree = "<group>"; };
		CFB024331D587754005AC143 /* ViewController.swift */ = {isa = PBXFileReference; lastKnownFileType = sourcecode.swift; path = ViewController.swift; sourceTree = "<group>"; };
		CFB024361D587754005AC143 /* Base */ = {isa = PBXFileReference; lastKnownFileType = file.storyboard; name = Base; path = Base.lproj/Main.storyboard; sourceTree = "<group>"; };
		CFB024381D587754005AC143 /* Assets.xcassets */ = {isa = PBXFileReference; lastKnownFileType = folder.assetcatalog; path = Assets.xcassets; sourceTree = "<group>"; };
		CFB0243B1D587754005AC143 /* Base */ = {isa = PBXFileReference; lastKnownFileType = file.storyboard; name = Base; path = Base.lproj/LaunchScreen.storyboard; sourceTree = "<group>"; };
		CFB0243D1D587754005AC143 /* Info.plist */ = {isa = PBXFileReference; lastKnownFileType = text.plist.xml; path = Info.plist; sourceTree = "<group>"; };
		CFB024421D587754005AC143 /* FlappyBirdTests.xctest */ = {isa = PBXFileReference; explicitFileType = wrapper.cfbundle; includeInIndex = 0; path = FlappyBirdTests.xctest; sourceTree = BUILT_PRODUCTS_DIR; };
		CFB024461D587754005AC143 /* FlappyBirdTests.swift */ = {isa = PBXFileReference; lastKnownFileType = sourcecode.swift; path = FlappyBirdTests.swift; sourceTree = "<group>"; };
		CFB024481D587754005AC143 /* Info.plist */ = {isa = PBXFileReference; lastKnownFileType = text.plist.xml; path = Info.plist; sourceTree = "<group>"; };
		CFB0244D1D587754005AC143 /* FlappyBirdUITests.xctest */ = {isa = PBXFileReference; explicitFileType = wrapper.cfbundle; includeInIndex = 0; path = FlappyBirdUITests.xctest; sourceTree = BUILT_PRODUCTS_DIR; };
		CFB024511D587754005AC143 /* FlappyBirdUITests.swift */ = {isa = PBXFileReference; lastKnownFileType = sourcecode.swift; path = FlappyBirdUITests.swift; sourceTree = "<group>"; };
		CFB024531D587754005AC143 /* Info.plist */ = {isa = PBXFileReference; lastKnownFileType = text.plist.xml; path = Info.plist; sourceTree = "<group>"; };
		CFB0245F1D5877A5005AC143 /* SpriteKit.framework */ = {isa = PBXFileReference; lastKnownFileType = wrapper.framework; name = SpriteKit.framework; path = System/Library/Frameworks/SpriteKit.framework; sourceTree = SDKROOT; };
		CFB024611D58BE27005AC143 /* GameScene.swift */ = {isa = PBXFileReference; fileEncoding = 4; lastKnownFileType = sourcecode.swift; path = GameScene.swift; sourceTree = "<group>"; };
		CFD95E2B1D76A41400BB8D06 /* coin01.mp3 */ = {isa = PBXFileReference; lastKnownFileType = audio.mp3; path = coin01.mp3; sourceTree = "<group>"; };
		CFD95E2D1D76A45E00BB8D06 /* AVFoundation.framework */ = {isa = PBXFileReference; lastKnownFileType = wrapper.framework; name = AVFoundation.framework; path = System/Library/Frameworks/AVFoundation.framework; sourceTree = SDKROOT; };
/* End PBXFileReference section */

/* Begin PBXFrameworksBuildPhase section */
		CFB0242B1D587754005AC143 /* Frameworks */ = {
			isa = PBXFrameworksBuildPhase;
			buildActionMask = 2147483647;
			files = (
				CFD95E2E1D76A45E00BB8D06 /* AVFoundation.framework in Frameworks */,
				CFB024601D5877A5005AC143 /* SpriteKit.framework in Frameworks */,
			);
			runOnlyForDeploymentPostprocessing = 0;
		};
		CFB0243F1D587754005AC143 /* Frameworks */ = {
			isa = PBXFrameworksBuildPhase;
			buildActionMask = 2147483647;
			files = (
			);
			runOnlyForDeploymentPostprocessing = 0;
		};
		CFB0244A1D587754005AC143 /* Frameworks */ = {
			isa = PBXFrameworksBuildPhase;
			buildActionMask = 2147483647;
			files = (
			);
			runOnlyForDeploymentPostprocessing = 0;
		};
/* End PBXFrameworksBuildPhase section */

/* Begin PBXGroup section */
		CFB024251D587754005AC143 = {
			isa = PBXGroup;
			children = (
				CFD95E2D1D76A45E00BB8D06 /* AVFoundation.framework */,
				CFB0245F1D5877A5005AC143 /* SpriteKit.framework */,
				CFB024301D587754005AC143 /* FlappyBird */,
				CFB024451D587754005AC143 /* FlappyBirdTests */,
				CFB024501D587754005AC143 /* FlappyBirdUITests */,
				CFB0242F1D587754005AC143 /* Products */,
			);
			sourceTree = "<group>";
		};
		CFB0242F1D587754005AC143 /* Products */ = {
			isa = PBXGroup;
			children = (
				CFB0242E1D587754005AC143 /* FlappyBird.app */,
				CFB024421D587754005AC143 /* FlappyBirdTests.xctest */,
				CFB0244D1D587754005AC143 /* FlappyBirdUITests.xctest */,
			);
			name = Products;
			sourceTree = "<group>";
		};
		CFB024301D587754005AC143 /* FlappyBird */ = {
			isa = PBXGroup;
			children = (
				CFD95E2B1D76A41400BB8D06 /* coin01.mp3 */,
				CFB024311D587754005AC143 /* AppDelegate.swift */,
				CFB024331D587754005AC143 /* ViewController.swift */,
				CFB024611D58BE27005AC143 /* GameScene.swift */,
				CFB024351D587754005AC143 /* Main.storyboard */,
				CFB024381D587754005AC143 /* Assets.xcassets */,
				CFB0243A1D587754005AC143 /* LaunchScreen.storyboard */,
				CFB0243D1D587754005AC143 /* Info.plist */,
			);
			path = FlappyBird;
			sourceTree = "<group>";
		};
		CFB024451D587754005AC143 /* FlappyBirdTests */ = {
			isa = PBXGroup;
			children = (
				CFB024461D587754005AC143 /* FlappyBirdTests.swift */,
				CFB024481D587754005AC143 /* Info.plist */,
			);
			path = FlappyBirdTests;
			sourceTree = "<group>";
		};
		CFB024501D587754005AC143 /* FlappyBirdUITests */ = {
			isa = PBXGroup;
			children = (
				CFB024511D587754005AC143 /* FlappyBirdUITests.swift */,
				CFB024531D587754005AC143 /* Info.plist */,
			);
			path = FlappyBirdUITests;
			sourceTree = "<group>";
		};
/* End PBXGroup section */

/* Begin PBXNativeTarget section */
		CFB0242D1D587754005AC143 /* FlappyBird */ = {
			isa = PBXNativeTarget;
			buildConfigurationList = CFB024561D587754005AC143 /* Build configuration list for PBXNativeTarget "FlappyBird" */;
			buildPhases = (
				CFB0242A1D587754005AC143 /* Sources */,
				CFB0242B1D587754005AC143 /* Frameworks */,
				CFB0242C1D587754005AC143 /* Resources */,
			);
			buildRules = (
			);
			dependencies = (
			);
			name = FlappyBird;
			productName = FlappyBird;
			productReference = CFB0242E1D587754005AC143 /* FlappyBird.app */;
			productType = "com.apple.product-type.application";
		};
		CFB024411D587754005AC143 /* FlappyBirdTests */ = {
			isa = PBXNativeTarget;
			buildConfigurationList = CFB024591D587754005AC143 /* Build configuration list for PBXNativeTarget "FlappyBirdTests" */;
			buildPhases = (
				CFB0243E1D587754005AC143 /* Sources */,
				CFB0243F1D587754005AC143 /* Frameworks */,
				CFB024401D587754005AC143 /* Resources */,
			);
			buildRules = (
			);
			dependencies = (
				CFB024441D587754005AC143 /* PBXTargetDependency */,
			);
			name = FlappyBirdTests;
			productName = FlappyBirdTests;
			productReference = CFB024421D587754005AC143 /* FlappyBirdTests.xctest */;
			productType = "com.apple.product-type.bundle.unit-test";
		};
		CFB0244C1D587754005AC143 /* FlappyBirdUITests */ = {
			isa = PBXNativeTarget;
			buildConfigurationList = CFB0245C1D587754005AC143 /* Build configuration list for PBXNativeTarget "FlappyBirdUITests" */;
			buildPhases = (
				CFB024491D587754005AC143 /* Sources */,
				CFB0244A1D587754005AC143 /* Frameworks */,
				CFB0244B1D587754005AC143 /* Resources */,
			);
			buildRules = (
			);
			dependencies = (
				CFB0244F1D587754005AC143 /* PBXTargetDependency */,
			);
			name = FlappyBirdUITests;
			productName = FlappyBirdUITests;
			productReference = CFB0244D1D587754005AC143 /* FlappyBirdUITests.xctest */;
			productType = "com.apple.product-type.bundle.ui-testing";
		};
/* End PBXNativeTarget section */

/* Begin PBXProject section */
		CFB024261D587754005AC143 /* Project object */ = {
			isa = PBXProject;
			attributes = {
				LastSwiftUpdateCheck = 0730;
				LastUpgradeCheck = 0730;
				ORGANIZATIONNAME = "田中舜一";
				TargetAttributes = {
					CFB0242D1D587754005AC143 = {
						CreatedOnToolsVersion = 7.3.1;
					};
					CFB024411D587754005AC143 = {
						CreatedOnToolsVersion = 7.3.1;
						TestTargetID = CFB0242D1D587754005AC143;
					};
					CFB0244C1D587754005AC143 = {
						CreatedOnToolsVersion = 7.3.1;
						TestTargetID = CFB0242D1D587754005AC143;
					};
				};
			};
			buildConfigurationList = CFB024291D587754005AC143 /* Build configuration list for PBXProject "FlappyBird" */;
			compatibilityVersion = "Xcode 3.2";
			developmentRegion = English;
			hasScannedForEncodings = 0;
			knownRegions = (
				en,
				Base,
			);
			mainGroup = CFB024251D587754005AC143;
			productRefGroup = CFB0242F1D587754005AC143 /* Products */;
			projectDirPath = "";
			projectRoot = "";
			targets = (
				CFB0242D1D587754005AC143 /* FlappyBird */,
				CFB024411D587754005AC143 /* FlappyBirdTests */,
				CFB0244C1D587754005AC143 /* FlappyBirdUITests */,
			);
		};
/* End PBXProject section */

/* Begin PBXResourcesBuildPhase section */
		CFB0242C1D587754005AC143 /* Resources */ = {
			isa = PBXResourcesBuildPhase;
			buildActionMask = 2147483647;
			files = (
				CFB0243C1D587754005AC143 /* LaunchScreen.storyboard in Resources */,
				CFB024391D587754005AC143 /* Assets.xcassets in Resources */,
				CFD95E2C1D76A41400BB8D06 /* coin01.mp3 in Resources */,
				CFB024371D587754005AC143 /* Main.storyboard in Resources */,
			);
			runOnlyForDeploymentPostprocessing = 0;
		};
		CFB024401D587754005AC143 /* Resources */ = {
			isa = PBXResourcesBuildPhase;
			buildActionMask = 2147483647;
			files = (
			);
			runOnlyForDeploymentPostprocessing = 0;
		};
		CFB0244B1D587754005AC143 /* Resources */ = {
			isa = PBXResourcesBuildPhase;
			buildActionMask = 2147483647;
			files = (
			);
			runOnlyForDeploymentPostprocessing = 0;
		};
/* End PBXResourcesBuildPhase section */

/* Begin PBXSourcesBuildPhase section */
		CFB0242A1D587754005AC143 /* Sources */ = {
			isa = PBXSourcesBuildPhase;
			buildActionMask = 2147483647;
			files = (
				CFB024621D58BE27005AC143 /* GameScene.swift in Sources */,
				CFB024341D587754005AC143 /* ViewController.swift in Sources */,
				CFB024321D587754005AC143 /* AppDelegate.swift in Sources */,
			);
			runOnlyForDeploymentPostprocessing = 0;
		};
		CFB0243E1D587754005AC143 /* Sources */ = {
			isa = PBXSourcesBuildPhase;
			buildActionMask = 2147483647;
			files = (
				CFB024471D587754005AC143 /* FlappyBirdTests.swift in Sources */,
			);
			runOnlyForDeploymentPostprocessing = 0;
		};
		CFB024491D587754005AC143 /* Sources */ = {
			isa = PBXSourcesBuildPhase;
			buildActionMask = 2147483647;
			files = (
				CFB024521D587754005AC143 /* FlappyBirdUITests.swift in Sources */,
			);
			runOnlyForDeploymentPostprocessing = 0;
		};
/* End PBXSourcesBuildPhase section */

/* Begin PBXTargetDependency section */
		CFB024441D587754005AC143 /* PBXTargetDependency */ = {
			isa = PBXTargetDependency;
			target = CFB0242D1D587754005AC143 /* FlappyBird */;
			targetProxy = CFB024431D587754005AC143 /* PBXContainerItemProxy */;
		};
		CFB0244F1D587754005AC143 /* PBXTargetDependency */ = {
			isa = PBXTargetDependency;
			target = CFB0242D1D587754005AC143 /* FlappyBird */;
			targetProxy = CFB0244E1D587754005AC143 /* PBXContainerItemProxy */;
		};
/* End PBXTargetDependency section */

/* Begin PBXVariantGroup section */
		CFB024351D587754005AC143 /* Main.storyboard */ = {
			isa = PBXVariantGroup;
			children = (
				CFB024361D587754005AC143 /* Base */,
			);
			name = Main.storyboard;
			sourceTree = "<group>";
		};
		CFB0243A1D587754005AC143 /* LaunchScreen.storyboard */ = {
			isa = PBXVariantGroup;
			children = (
				CFB0243B1D587754005AC143 /* Base */,
			);
			name = LaunchScreen.storyboard;
			sourceTree = "<group>";
		};
/* End PBXVariantGroup section */

/* Begin XCBuildConfiguration section */
		CFB024541D587754005AC143 /* Debug */ = {
			isa = XCBuildConfiguration;
			buildSettings = {
				ALWAYS_SEARCH_USER_PATHS = NO;
				CLANG_ANALYZER_NONNULL = YES;
				CLANG_CXX_LANGUAGE_STANDARD = "gnu++0x";
				CLANG_CXX_LIBRARY = "libc++";
				CLANG_ENABLE_MODULES = YES;
				CLANG_ENABLE_OBJC_ARC = YES;
				CLANG_WARN_BOOL_CONVERSION = YES;
				CLANG_WARN_CONSTANT_CONVERSION = YES;
				CLANG_WARN_DIRECT_OBJC_ISA_USAGE = YES_ERROR;
				CLANG_WARN_EMPTY_BODY = YES;
				CLANG_WARN_ENUM_CONVERSION = YES;
				CLANG_WARN_INT_CONVERSION = YES;
				CLANG_WARN_OBJC_ROOT_CLASS = YES_ERROR;
				CLANG_WARN_UNREACHABLE_CODE = YES;
				CLANG_WARN__DUPLICATE_METHOD_MATCH = YES;
				"CODE_SIGN_IDENTITY[sdk=iphoneos*]" = "iPhone Developer";
				COPY_PHASE_STRIP = NO;
				DEBUG_INFORMATION_FORMAT = dwarf;
				ENABLE_STRICT_OBJC_MSGSEND = YES;
				ENABLE_TESTABILITY = YES;
				GCC_C_LANGUAGE_STANDARD = gnu99;
				GCC_DYNAMIC_NO_PIC = NO;
				GCC_NO_COMMON_BLOCKS = YES;
				GCC_OPTIMIZATION_LEVEL = 0;
				GCC_PREPROCESSOR_DEFINITIONS = (
					"DEBUG=1",
					"$(inherited)",
				);
				GCC_WARN_64_TO_32_BIT_CONVERSION = YES;
				GCC_WARN_ABOUT_RETURN_TYPE = YES_ERROR;
				GCC_WARN_UNDECLARED_SELECTOR = YES;
				GCC_WARN_UNINITIALIZED_AUTOS = YES_AGGRESSIVE;
				GCC_WARN_UNUSED_FUNCTION = YES;
				GCC_WARN_UNUSED_VARIABLE = YES;
				IPHONEOS_DEPLOYMENT_TARGET = 9.3;
				MTL_ENABLE_DEBUG_INFO = YES;
				ONLY_ACTIVE_ARCH = YES;
				SDKROOT = iphoneos;
				SWIFT_OPTIMIZATION_LEVEL = "-Onone";
				TARGETED_DEVICE_FAMILY = "1,2";
			};
			name = Debug;
		};
		CFB024551D587754005AC143 /* Release */ = {
			isa = XCBuildConfiguration;
			buildSettings = {
				ALWAYS_SEARCH_USER_PATHS = NO;
				CLANG_ANALYZER_NONNULL = YES;
				CLANG_CXX_LANGUAGE_STANDARD = "gnu++0x";
				CLANG_CXX_LIBRARY = "libc++";
				CLANG_ENABLE_MODULES = YES;
				CLANG_ENABLE_OBJC_ARC = YES;
				CLANG_WARN_BOOL_CONVERSION = YES;
				CLANG_WARN_CONSTANT_CONVERSION = YES;
				CLANG_WARN_DIRECT_OBJC_ISA_USAGE = YES_ERROR;
				CLANG_WARN_EMPTY_BODY = YES;
				CLANG_WARN_ENUM_CONVERSION = YES;
				CLANG_WARN_INT_CONVERSION = YES;
				CLANG_WARN_OBJC_ROOT_CLASS = YES_ERROR;
				CLANG_WARN_UNREACHABLE_CODE = YES;
				CLANG_WARN__DUPLICATE_METHOD_MATCH = YES;
				"CODE_SIGN_IDENTITY[sdk=iphoneos*]" = "iPhone Developer";
				COPY_PHASE_STRIP = NO;
				DEBUG_INFORMATION_FORMAT = "dwarf-with-dsym";
				ENABLE_NS_ASSERTIONS = NO;
				ENABLE_STRICT_OBJC_MSGSEND = YES;
				GCC_C_LANGUAGE_STANDARD = gnu99;
				GCC_NO_COMMON_BLOCKS = YES;
				GCC_WARN_64_TO_32_BIT_CONVERSION = YES;
				GCC_WARN_ABOUT_RETURN_TYPE = YES_ERROR;
				GCC_WARN_UNDECLARED_SELECTOR = YES;
				GCC_WARN_UNINITIALIZED_AUTOS = YES_AGGRESSIVE;
				GCC_WARN_UNUSED_FUNCTION = YES;
				GCC_WARN_UNUSED_VARIABLE = YES;
				IPHONEOS_DEPLOYMENT_TARGET = 9.3;
				MTL_ENABLE_DEBUG_INFO = NO;
				SDKROOT = iphoneos;
				TARGETED_DEVICE_FAMILY = "1,2";
				VALIDATE_PRODUCT = YES;
			};
			name = Release;
		};
		CFB024571D587754005AC143 /* Debug */ = {
			isa = XCBuildConfiguration;
			buildSettings = {
				ASSETCATALOG_COMPILER_APPICON_NAME = AppIcon;
				INFOPLIST_FILE = FlappyBird/Info.plist;
				LD_RUNPATH_SEARCH_PATHS = "$(inherited) @executable_path/Frameworks";
				PRODUCT_BUNDLE_IDENTIFIER = test.FlappyBird;
				PRODUCT_NAME = "$(TARGET_NAME)";
			};
			name = Debug;
		};
		CFB024581D587754005AC143 /* Release */ = {
			isa = XCBuildConfiguration;
			buildSettings = {
				ASSETCATALOG_COMPILER_APPICON_NAME = AppIcon;
				INFOPLIST_FILE = FlappyBird/Info.plist;
				LD_RUNPATH_SEARCH_PATHS = "$(inherited) @executable_path/Frameworks";
				PRODUCT_BUNDLE_IDENTIFIER = test.FlappyBird;
				PRODUCT_NAME = "$(TARGET_NAME)";
			};
			name = Release;
		};
		CFB0245A1D587754005AC143 /* Debug */ = {
			isa = XCBuildConfiguration;
			buildSettings = {
				BUNDLE_LOADER = "$(TEST_HOST)";
				INFOPLIST_FILE = FlappyBirdTests/Info.plist;
				LD_RUNPATH_SEARCH_PATHS = "$(inherited) @executable_path/Frameworks @loader_path/Frameworks";
				PRODUCT_BUNDLE_IDENTIFIER = test.FlappyBirdTests;
				PRODUCT_NAME = "$(TARGET_NAME)";
				TEST_HOST = "$(BUILT_PRODUCTS_DIR)/FlappyBird.app/FlappyBird";
			};
			name = Debug;
		};
		CFB0245B1D587754005AC143 /* Release */ = {
			isa = XCBuildConfiguration;
			buildSettings = {
				BUNDLE_LOADER = "$(TEST_HOST)";
				INFOPLIST_FILE = FlappyBirdTests/Info.plist;
				LD_RUNPATH_SEARCH_PATHS = "$(inherited) @executable_path/Frameworks @loader_path/Frameworks";
				PRODUCT_BUNDLE_IDENTIFIER = test.FlappyBirdTests;
				PRODUCT_NAME = "$(TARGET_NAME)";
				TEST_HOST = "$(BUILT_PRODUCTS_DIR)/FlappyBird.app/FlappyBird";
			};
			name = Release;
		};
		CFB0245D1D587754005AC143 /* Debug */ = {
			isa = XCBuildConfiguration;
			buildSettings = {
				INFOPLIST_FILE = FlappyBirdUITests/Info.plist;
				LD_RUNPATH_SEARCH_PATHS = "$(inherited) @executable_path/Frameworks @loader_path/Frameworks";
				PRODUCT_BUNDLE_IDENTIFIER = test.FlappyBirdUITests;
				PRODUCT_NAME = "$(TARGET_NAME)";
				TEST_TARGET_NAME = FlappyBird;
			};
			name = Debug;
		};
		CFB0245E1D587754005AC143 /* Release */ = {
			isa = XCBuildConfiguration;
			buildSettings = {
				INFOPLIST_FILE = FlappyBirdUITests/Info.plist;
				LD_RUNPATH_SEARCH_PATHS = "$(inherited) @executable_path/Frameworks @loader_path/Frameworks";
				PRODUCT_BUNDLE_IDENTIFIER = test.FlappyBirdUITests;
				PRODUCT_NAME = "$(TARGET_NAME)";
				TEST_TARGET_NAME = FlappyBird;
			};
			name = Release;
		};
/* End XCBuildConfiguration section */

/* Begin XCConfigurationList section */
		CFB024291D587754005AC143 /* Build configuration list for PBXProject "FlappyBird" */ = {
			isa = XCConfigurationList;
			buildConfigurations = (
				CFB024541D587754005AC143 /* Debug */,
				CFB024551D587754005AC143 /* Release */,
			);
			defaultConfigurationIsVisible = 0;
			defaultConfigurationName = Release;
		};
		CFB024561D587754005AC143 /* Build configuration list for PBXNativeTarget "FlappyBird" */ = {
			isa = XCConfigurationList;
			buildConfigurations = (
				CFB024571D587754005AC143 /* Debug */,
				CFB024581D587754005AC143 /* Release */,
			);
			defaultConfigurationIsVisible = 0;
			defaultConfigurationName = Release;
		};
		CFB024591D587754005AC143 /* Build configuration list for PBXNativeTarget "FlappyBirdTests" */ = {
			isa = XCConfigurationList;
			buildConfigurations = (
				CFB0245A1D587754005AC143 /* Debug */,
				CFB0245B1D587754005AC143 /* Release */,
			);
			defaultConfigurationIsVisible = 0;
			defaultConfigurationName = Release;
		};
		CFB0245C1D587754005AC143 /* Build configuration list for PBXNativeTarget "FlappyBirdUITests" */ = {
			isa = XCConfigurationList;
			buildConfigurations = (
				CFB0245D1D587754005AC143 /* Debug */,
				CFB0245E1D587754005AC143 /* Release */,
			);
			defaultConfigurationIsVisible = 0;
			defaultConfigurationName = Release;
		};
/* End XCConfigurationList section */
	};
	rootObject = CFB024261D587754005AC143 /* Project object */;
}
